
Microsoft Visual Studio Solution File, Format Version 12.00
# Visual Studio Version 17
VisualStudioVersion = 17.5.33414.496
MinimumVisualStudioVersion = 10.0.40219.1
Project("{FAE04EC0-301F-11D3-BF4B-00C04F79EFBC}") = "Partisl Ex4", "Partisl Ex4\Partisl Ex4.csproj", "{AE084BB3-4D5C-4D74-9394-FECB0E0776C3}"
EndProject
Global
	GlobalSection(SolutionConfigurationPlatforms) = preSolution
		Debug|Any CPU = Debug|Any CPU
		Release|Any CPU = Release|Any CPU
	EndGlobalSection
	GlobalSection(ProjectConfigurationPlatforms) = postSolution
		{AE084BB3-4D5C-4D74-9394-FECB0E0776C3}.Debug|Any CPU.ActiveCfg = Debug|Any CPU
		{AE084BB3-4D5C-4D74-9394-FECB0E0776C3}.Debug|Any CPU.Build.0 = Debug|Any CPU
		{AE084BB3-4D5C-4D74-9394-FECB0E0776C3}.Release|Any CPU.ActiveCfg = Release|Any CPU
		{AE084BB3-4D5C-4D74-9394-FECB0E0776C3}.Release|Any CPU.Build.0 = Release|Any CPU
	EndGlobalSection
	GlobalSection(SolutionProperties) = preSolution
		HideSolutionNode = FALSE
	EndGlobalSection
	GlobalSection(ExtensibilityGlobals) = postSolution
		SolutionGuid = {99055113-39E1-49E0-AB99-5CAAF8DCAA5F}
	EndGlobalSection
EndGlobal
